# This file is automatically @generated by Cargo.
# It is not intended for manual editing.
version = 3

[[package]]
name = "hyper_kernel"
version = "0.1.0"
dependencies = [
 "limine",
]

[[package]]
name = "limine"
version = "0.1.9"
source = "registry+https://github.com/rust-lang/crates.io-index"
checksum = "c847ac148a0c53ba3755dfa9830722b1043179584009869e6afc2b413e13f105"
