# This file is automatically @generated by Cargo.
# It is not intended for manual editing.
version = 3

[[package]]
name = "bitflags"
version = "2.3.1"
source = "registry+https://github.com/rust-lang/crates.io-index"
checksum = "6776fc96284a0bb647b615056fc496d1fe1644a7ab01829818a6d91cae888b84"

[[package]]
name = "kernel"
version = "0.1.0"
dependencies = [
 "bitflags",
 "limine",
]

[[package]]
name = "limine"
version = "0.1.10"
source = "registry+https://github.com/rust-lang/crates.io-index"
checksum = "5e9d0c951056ac044f0e6b09448b9d702f8fb1001db89cffd2bc467bd1c25307"
